
Microsoft Visual Studio Solution File, Format Version 12.00
# Visual Studio Version 17
VisualStudioVersion = 17.5.002.0
MinimumVisualStudioVersion = 10.0.40219.1
Project("{2150E333-8FDC-42A3-9474-1A3956D46DE8}") = "codes", "codes", "{C3971997-8DA4-4F81-850A-1D032AABB7B2}"
EndProject
Project("{9A19103F-16F7-4668-BE54-9A1E7A4F7556}") = "hello-algo", "codes\csharp\hello-algo.csproj", "{07E91F16-5885-4B3C-B468-899575D222A8}"
EndProject
Global
	GlobalSection(SolutionConfigurationPlatforms) = preSolution
		Debug|Any CPU = Debug|Any CPU
		Release|Any CPU = Release|Any CPU
	EndGlobalSection
	GlobalSection(ProjectConfigurationPlatforms) = postSolution
		{07E91F16-5885-4B3C-B468-899575D222A8}.Debug|Any CPU.ActiveCfg = Debug|Any CPU
		{07E91F16-5885-4B3C-B468-899575D222A8}.Debug|Any CPU.Build.0 = Debug|Any CPU
		{07E91F16-5885-4B3C-B468-899575D222A8}.Release|Any CPU.ActiveCfg = Release|Any CPU
		{07E91F16-5885-4B3C-B468-899575D222A8}.Release|Any CPU.Build.0 = Release|Any CPU
	EndGlobalSection
	GlobalSection(SolutionProperties) = preSolution
		HideSolutionNode = FALSE
	EndGlobalSection
	GlobalSection(NestedProjects) = preSolution
		{07E91F16-5885-4B3C-B468-899575D222A8} = {C3971997-8DA4-4F81-850A-1D032AABB7B2}
	EndGlobalSection
	GlobalSection(ExtensibilityGlobals) = postSolution
		SolutionGuid = {683F3C82-77BF-472E-B450-80D182F1DDDB}
	EndGlobalSection
EndGlobal
